// !$*UTF8*$!
{
	archiveVersion = 1;
	classes = {
	};
	objectVersion = 54;
	objects = {

/* Begin PBXBuildFile section */
		2440C134264296AC00F2E81D /* AES70ExplorerApp.swift in Sources */ = {isa = PBXBuildFile; fileRef = 2440C133264296AC00F2E81D /* AES70ExplorerApp.swift */; };
		2440C136264296AC00F2E81D /* ContentView.swift in Sources */ = {isa = PBXBuildFile; fileRef = 2440C135264296AC00F2E81D /* ContentView.swift */; };
		2440C138264296B100F2E81D /* Assets.xcassets in Resources */ = {isa = PBXBuildFile; fileRef = 2440C137264296B100F2E81D /* Assets.xcassets */; };
		2440C13B264296B100F2E81D /* Preview Assets.xcassets in Resources */ = {isa = PBXBuildFile; fileRef = 2440C13A264296B100F2E81D /* Preview Assets.xcassets */; };
		2440C145264297A400F2E81D /* Swifter in Frameworks */ = {isa = PBXBuildFile; productRef = 2440C144264297A400F2E81D /* Swifter */; };
		2440C15B2643BD5000F2E81D /* DeviceBrowser.swift in Sources */ = {isa = PBXBuildFile; fileRef = 2440C15A2643BD5000F2E81D /* DeviceBrowser.swift */; };
		2440C15D264452EF00F2E81D /* WebSocketTunnel.swift in Sources */ = {isa = PBXBuildFile; fileRef = 2440C15C264452EF00F2E81D /* WebSocketTunnel.swift */; };
/* End PBXBuildFile section */

/* Begin PBXFileReference section */
		2440C130264296AC00F2E81D /* AES70Explorer.app */ = {isa = PBXFileReference; explicitFileType = wrapper.application; includeInIndex = 0; path = AES70Explorer.app; sourceTree = BUILT_PRODUCTS_DIR; };
		2440C133264296AC00F2E81D /* AES70ExplorerApp.swift */ = {isa = PBXFileReference; lastKnownFileType = sourcecode.swift; path = AES70ExplorerApp.swift; sourceTree = "<group>"; };
		2440C135264296AC00F2E81D /* ContentView.swift */ = {isa = PBXFileReference; lastKnownFileType = sourcecode.swift; path = ContentView.swift; sourceTree = "<group>"; };
		2440C137264296B100F2E81D /* Assets.xcassets */ = {isa = PBXFileReference; lastKnownFileType = folder.assetcatalog; path = Assets.xcassets; sourceTree = "<group>"; };
		2440C13A264296B100F2E81D /* Preview Assets.xcassets */ = {isa = PBXFileReference; lastKnownFileType = folder.assetcatalog; path = "Preview Assets.xcassets"; sourceTree = "<group>"; };
		2440C13C264296B100F2E81D /* Info.plist */ = {isa = PBXFileReference; lastKnownFileType = text.plist.xml; path = Info.plist; sourceTree = "<group>"; };
		2440C13D264296B100F2E81D /* AES70Explorer.entitlements */ = {isa = PBXFileReference; lastKnownFileType = text.plist.entitlements; path = AES70Explorer.entitlements; sourceTree = "<group>"; };
		2440C15A2643BD5000F2E81D /* DeviceBrowser.swift */ = {isa = PBXFileReference; lastKnownFileType = sourcecode.swift; path = DeviceBrowser.swift; sourceTree = "<group>"; };
		2440C15C264452EF00F2E81D /* WebSocketTunnel.swift */ = {isa = PBXFileReference; lastKnownFileType = sourcecode.swift; path = WebSocketTunnel.swift; sourceTree = "<group>"; };
/* End PBXFileReference section */

/* Begin PBXFrameworksBuildPhase section */
		2440C12D264296AC00F2E81D /* Frameworks */ = {
			isa = PBXFrameworksBuildPhase;
			buildActionMask = 2147483647;
			files = (
				2440C145264297A400F2E81D /* Swifter in Frameworks */,
			);
			runOnlyForDeploymentPostprocessing = 0;
		};
/* End PBXFrameworksBuildPhase section */

/* Begin PBXGroup section */
		2440C127264296AC00F2E81D = {
			isa = PBXGroup;
			children = (
				2440C132264296AC00F2E81D /* AES70Explorer */,
				2440C131264296AC00F2E81D /* Products */,
			);
			sourceTree = "<group>";
		};
		2440C131264296AC00F2E81D /* Products */ = {
			isa = PBXGroup;
			children = (
				2440C130264296AC00F2E81D /* AES70Explorer.app */,
			);
			name = Products;
			sourceTree = "<group>";
		};
		2440C132264296AC00F2E81D /* AES70Explorer */ = {
			isa = PBXGroup;
			children = (
				2440C133264296AC00F2E81D /* AES70ExplorerApp.swift */,
				2440C135264296AC00F2E81D /* ContentView.swift */,
				2440C137264296B100F2E81D /* Assets.xcassets */,
				2440C13C264296B100F2E81D /* Info.plist */,
				2440C13D264296B100F2E81D /* AES70Explorer.entitlements */,
				2440C139264296B100F2E81D /* Preview Content */,
				2440C15A2643BD5000F2E81D /* DeviceBrowser.swift */,
				2440C15C264452EF00F2E81D /* WebSocketTunnel.swift */,
			);
			path = AES70Explorer;
			sourceTree = "<group>";
		};
		2440C139264296B100F2E81D /* Preview Content */ = {
			isa = PBXGroup;
			children = (
				2440C13A264296B100F2E81D /* Preview Assets.xcassets */,
			);
			path = "Preview Content";
			sourceTree = "<group>";
		};
/* End PBXGroup section */

/* Begin PBXNativeTarget section */
		2440C12F264296AC00F2E81D /* AES70Explorer */ = {
			isa = PBXNativeTarget;
			buildConfigurationList = 2440C140264296B100F2E81D /* Build configuration list for PBXNativeTarget "AES70Explorer" */;
			buildPhases = (
				2440C12C264296AC00F2E81D /* Sources */,
				2440C12D264296AC00F2E81D /* Frameworks */,
				2440C146264297E400F2E81D /* ShellScript */,
				2440C12E264296AC00F2E81D /* Resources */,
			);
			buildRules = (
			);
			dependencies = (
			);
			name = AES70Explorer;
			packageProductDependencies = (
				2440C144264297A400F2E81D /* Swifter */,
			);
			productName = AES70Explorer;
			productReference = 2440C130264296AC00F2E81D /* AES70Explorer.app */;
			productType = "com.apple.product-type.application";
		};
/* End PBXNativeTarget section */

/* Begin PBXProject section */
		2440C128264296AC00F2E81D /* Project object */ = {
			isa = PBXProject;
			attributes = {
				LastSwiftUpdateCheck = 1250;
				LastUpgradeCheck = 1250;
				TargetAttributes = {
					2440C12F264296AC00F2E81D = {
						CreatedOnToolsVersion = 12.5;
					};
				};
			};
			buildConfigurationList = 2440C12B264296AC00F2E81D /* Build configuration list for PBXProject "AES70Explorer" */;
			compatibilityVersion = "Xcode 9.3";
			developmentRegion = en;
			hasScannedForEncodings = 0;
			knownRegions = (
				en,
				Base,
			);
			mainGroup = 2440C127264296AC00F2E81D;
			packageReferences = (
				2440C143264297A400F2E81D /* XCRemoteSwiftPackageReference "swifter" */,
			);
			productRefGroup = 2440C131264296AC00F2E81D /* Products */;
			projectDirPath = "";
			projectRoot = "";
			targets = (
				2440C12F264296AC00F2E81D /* AES70Explorer */,
			);
		};
/* End PBXProject section */

/* Begin PBXResourcesBuildPhase section */
		2440C12E264296AC00F2E81D /* Resources */ = {
			isa = PBXResourcesBuildPhase;
			buildActionMask = 2147483647;
			files = (
				2440C13B264296B100F2E81D /* Preview Assets.xcassets in Resources */,
				2440C138264296B100F2E81D /* Assets.xcassets in Resources */,
			);
			runOnlyForDeploymentPostprocessing = 0;
		};
/* End PBXResourcesBuildPhase section */

/* Begin PBXShellScriptBuildPhase section */
		2440C146264297E400F2E81D /* ShellScript */ = {
			isa = PBXShellScriptBuildPhase;
			alwaysOutOfDate = 1;
			buildActionMask = 2147483647;
			files = (
			);
			inputFileListPaths = (
			);
			inputPaths = (
			);
			outputFileListPaths = (
			);
			outputPaths = (
			);
			runOnlyForDeploymentPostprocessing = 0;
			shellPath = /bin/sh;
			shellScript = "cd ${PROJECT_DIR}/../../\nrm -rf dist\nnpm run build\nRESOURCES_DIR=\"${BUILT_PRODUCTS_DIR}/${PRODUCT_NAME}.app/Contents/Resources\"\nrm -rf ${RESOURCES_DIR}/dist ${RESOURCES_DIR}/htdocs\ncp -r dist ${RESOURCES_DIR}/\nmv ${RESOURCES_DIR}/dist ${RESOURCES_DIR}/htdocs\n";
		};
/* End PBXShellScriptBuildPhase section */

/* Begin PBXSourcesBuildPhase section */
		2440C12C264296AC00F2E81D /* Sources */ = {
			isa = PBXSourcesBuildPhase;
			buildActionMask = 2147483647;
			files = (
				2440C15B2643BD5000F2E81D /* DeviceBrowser.swift in Sources */,
				2440C15D264452EF00F2E81D /* WebSocketTunnel.swift in Sources */,
				2440C136264296AC00F2E81D /* ContentView.swift in Sources */,
				2440C134264296AC00F2E81D /* AES70ExplorerApp.swift in Sources */,
			);
			runOnlyForDeploymentPostprocessing = 0;
		};
/* End PBXSourcesBuildPhase section */

/* Begin XCBuildConfiguration section */
		2440C13E264296B100F2E81D /* Debug */ = {
			isa = XCBuildConfiguration;
			buildSettings = {
				ALWAYS_SEARCH_USER_PATHS = NO;
				CLANG_ANALYZER_NONNULL = YES;
				CLANG_ANALYZER_NUMBER_OBJECT_CONVERSION = YES_AGGRESSIVE;
				CLANG_CXX_LANGUAGE_STANDARD = "gnu++14";
				CLANG_CXX_LIBRARY = "libc++";
				CLANG_ENABLE_MODULES = YES;
				CLANG_ENABLE_OBJC_ARC = YES;
				CLANG_ENABLE_OBJC_WEAK = YES;
				CLANG_WARN_BLOCK_CAPTURE_AUTORELEASING = YES;
				CLANG_WARN_BOOL_CONVERSION = YES;
				CLANG_WARN_COMMA = YES;
				CLANG_WARN_CONSTANT_CONVERSION = YES;
				CLANG_WARN_DEPRECATED_OBJC_IMPLEMENTATIONS = YES;
				CLANG_WARN_DIRECT_OBJC_ISA_USAGE = YES_ERROR;
				CLANG_WARN_DOCUMENTATION_COMMENTS = YES;
				CLANG_WARN_EMPTY_BODY = YES;
				CLANG_WARN_ENUM_CONVERSION = YES;
				CLANG_WARN_INFINITE_RECURSION = YES;
				CLANG_WARN_INT_CONVERSION = YES;
				CLANG_WARN_NON_LITERAL_NULL_CONVERSION = YES;
				CLANG_WARN_OBJC_IMPLICIT_RETAIN_SELF = YES;
				CLANG_WARN_OBJC_LITERAL_CONVERSION = YES;
				CLANG_WARN_OBJC_ROOT_CLASS = YES_ERROR;
				CLANG_WARN_QUOTED_INCLUDE_IN_FRAMEWORK_HEADER = YES;
				CLANG_WARN_RANGE_LOOP_ANALYSIS = YES;
				CLANG_WARN_STRICT_PROTOTYPES = YES;
				CLANG_WARN_SUSPICIOUS_MOVE = YES;
				CLANG_WARN_UNGUARDED_AVAILABILITY = YES_AGGRESSIVE;
				CLANG_WARN_UNREACHABLE_CODE = YES;
				CLANG_WARN__DUPLICATE_METHOD_MATCH = YES;
				COPY_PHASE_STRIP = NO;
				DEBUG_INFORMATION_FORMAT = dwarf;
				ENABLE_STRICT_OBJC_MSGSEND = YES;
				ENABLE_TESTABILITY = YES;
				GCC_C_LANGUAGE_STANDARD = gnu11;
				GCC_DYNAMIC_NO_PIC = NO;
				GCC_NO_COMMON_BLOCKS = YES;
				GCC_OPTIMIZATION_LEVEL = 0;
				GCC_PREPROCESSOR_DEFINITIONS = (
					"DEBUG=1",
					"$(inherited)",
				);
				GCC_WARN_64_TO_32_BIT_CONVERSION = YES;
				GCC_WARN_ABOUT_RETURN_TYPE = YES_ERROR;
				GCC_WARN_UNDECLARED_SELECTOR = YES;
				GCC_WARN_UNINITIALIZED_AUTOS = YES_AGGRESSIVE;
				GCC_WARN_UNUSED_FUNCTION = YES;
				GCC_WARN_UNUSED_VARIABLE = YES;
				MACOSX_DEPLOYMENT_TARGET = 11.3;
				MTL_ENABLE_DEBUG_INFO = INCLUDE_SOURCE;
				MTL_FAST_MATH = YES;
				ONLY_ACTIVE_ARCH = YES;
				SDKROOT = macosx;
				SWIFT_ACTIVE_COMPILATION_CONDITIONS = DEBUG;
				SWIFT_OPTIMIZATION_LEVEL = "-Onone";
			};
			name = Debug;
		};
		2440C13F264296B100F2E81D /* Release */ = {
			isa = XCBuildConfiguration;
			buildSettings = {
				ALWAYS_SEARCH_USER_PATHS = NO;
				CLANG_ANALYZER_NONNULL = YES;
				CLANG_ANALYZER_NUMBER_OBJECT_CONVERSION = YES_AGGRESSIVE;
				CLANG_CXX_LANGUAGE_STANDARD = "gnu++14";
				CLANG_CXX_LIBRARY = "libc++";
				CLANG_ENABLE_MODULES = YES;
				CLANG_ENABLE_OBJC_ARC = YES;
				CLANG_ENABLE_OBJC_WEAK = YES;
				CLANG_WARN_BLOCK_CAPTURE_AUTORELEASING = YES;
				CLANG_WARN_BOOL_CONVERSION = YES;
				CLANG_WARN_COMMA = YES;
				CLANG_WARN_CONSTANT_CONVERSION = YES;
				CLANG_WARN_DEPRECATED_OBJC_IMPLEMENTATIONS = YES;
				CLANG_WARN_DIRECT_OBJC_ISA_USAGE = YES_ERROR;
				CLANG_WARN_DOCUMENTATION_COMMENTS = YES;
				CLANG_WARN_EMPTY_BODY = YES;
				CLANG_WARN_ENUM_CONVERSION = YES;
				CLANG_WARN_INFINITE_RECURSION = YES;
				CLANG_WARN_INT_CONVERSION = YES;
				CLANG_WARN_NON_LITERAL_NULL_CONVERSION = YES;
				CLANG_WARN_OBJC_IMPLICIT_RETAIN_SELF = YES;
				CLANG_WARN_OBJC_LITERAL_CONVERSION = YES;
				CLANG_WARN_OBJC_ROOT_CLASS = YES_ERROR;
				CLANG_WARN_QUOTED_INCLUDE_IN_FRAMEWORK_HEADER = YES;
				CLANG_WARN_RANGE_LOOP_ANALYSIS = YES;
				CLANG_WARN_STRICT_PROTOTYPES = YES;
				CLANG_WARN_SUSPICIOUS_MOVE = YES;
				CLANG_WARN_UNGUARDED_AVAILABILITY = YES_AGGRESSIVE;
				CLANG_WARN_UNREACHABLE_CODE = YES;
				CLANG_WARN__DUPLICATE_METHOD_MATCH = YES;
				COPY_PHASE_STRIP = NO;
				DEBUG_INFORMATION_FORMAT = "dwarf-with-dsym";
				ENABLE_NS_ASSERTIONS = NO;
				ENABLE_STRICT_OBJC_MSGSEND = YES;
				GCC_C_LANGUAGE_STANDARD = gnu11;
				GCC_NO_COMMON_BLOCKS = YES;
				GCC_WARN_64_TO_32_BIT_CONVERSION = YES;
				GCC_WARN_ABOUT_RETURN_TYPE = YES_ERROR;
				GCC_WARN_UNDECLARED_SELECTOR = YES;
				GCC_WARN_UNINITIALIZED_AUTOS = YES_AGGRESSIVE;
				GCC_WARN_UNUSED_FUNCTION = YES;
				GCC_WARN_UNUSED_VARIABLE = YES;
				MACOSX_DEPLOYMENT_TARGET = 11.3;
				MTL_ENABLE_DEBUG_INFO = NO;
				MTL_FAST_MATH = YES;
				SDKROOT = macosx;
				SWIFT_COMPILATION_MODE = wholemodule;
				SWIFT_OPTIMIZATION_LEVEL = "-O";
			};
			name = Release;
		};
		2440C141264296B100F2E81D /* Debug */ = {
			isa = XCBuildConfiguration;
			buildSettings = {
				ASSETCATALOG_COMPILER_APPICON_NAME = AppIcon;
				ASSETCATALOG_COMPILER_GLOBAL_ACCENT_COLOR_NAME = AccentColor;
				CODE_SIGN_ENTITLEMENTS = AES70Explorer/AES70Explorer.entitlements;
				CODE_SIGN_STYLE = Automatic;
				COMBINE_HIDPI_IMAGES = YES;
				DEVELOPMENT_ASSET_PATHS = "\"AES70Explorer/Preview Content\"";
				DEVELOPMENT_TEAM = 8JPQ65VPDQ;
				ENABLE_HARDENED_RUNTIME = YES;
				ENABLE_PREVIEWS = YES;
				INFOPLIST_FILE = AES70Explorer/Info.plist;
				LD_RUNPATH_SEARCH_PATHS = (
					"$(inherited)",
					"@executable_path/../Frameworks",
				);
				MACOSX_DEPLOYMENT_TARGET = 11.0;
				PRODUCT_BUNDLE_IDENTIFIER = DeusO.AES70Explorer;
				PRODUCT_NAME = "$(TARGET_NAME)";
				SWIFT_VERSION = 5.0;
			};
			name = Debug;
		};
		2440C142264296B100F2E81D /* Release */ = {
			isa = XCBuildConfiguration;
			buildSettings = {
				ASSETCATALOG_COMPILER_APPICON_NAME = AppIcon;
				ASSETCATALOG_COMPILER_GLOBAL_ACCENT_COLOR_NAME = AccentColor;
				CODE_SIGN_ENTITLEMENTS = AES70Explorer/AES70Explorer.entitlements;
				CODE_SIGN_STYLE = Automatic;
				COMBINE_HIDPI_IMAGES = YES;
				DEVELOPMENT_ASSET_PATHS = "\"AES70Explorer/Preview Content\"";
				DEVELOPMENT_TEAM = 8JPQ65VPDQ;
				ENABLE_HARDENED_RUNTIME = YES;
				ENABLE_PREVIEWS = YES;
				INFOPLIST_FILE = AES70Explorer/Info.plist;
				LD_RUNPATH_SEARCH_PATHS = (
					"$(inherited)",
					"@executable_path/../Frameworks",
				);
				MACOSX_DEPLOYMENT_TARGET = 11.0;
				PRODUCT_BUNDLE_IDENTIFIER = DeusO.AES70Explorer;
				PRODUCT_NAME = "$(TARGET_NAME)";
				SWIFT_VERSION = 5.0;
			};
			name = Release;
		};
/* End XCBuildConfiguration section */

/* Begin XCConfigurationList section */
		2440C12B264296AC00F2E81D /* Build configuration list for PBXProject "AES70Explorer" */ = {
			isa = XCConfigurationList;
			buildConfigurations = (
				2440C13E264296B100F2E81D /* Debug */,
				2440C13F264296B100F2E81D /* Release */,
			);
			defaultConfigurationIsVisible = 0;
			defaultConfigurationName = Release;
		};
		2440C140264296B100F2E81D /* Build configuration list for PBXNativeTarget "AES70Explorer" */ = {
			isa = XCConfigurationList;
			buildConfigurations = (
				2440C141264296B100F2E81D /* Debug */,
				2440C142264296B100F2E81D /* Release */,
			);
			defaultConfigurationIsVisible = 0;
			defaultConfigurationName = Release;
		};
/* End XCConfigurationList section */

/* Begin XCRemoteSwiftPackageReference section */
		2440C143264297A400F2E81D /* XCRemoteSwiftPackageReference "swifter" */ = {
			isa = XCRemoteSwiftPackageReference;
			repositoryURL = "https://github.com/httpswift/swifter";
			requirement = {
				kind = upToNextMajorVersion;
				minimumVersion = 1.5.0;
			};
		};
/* End XCRemoteSwiftPackageReference section */

/* Begin XCSwiftPackageProductDependency section */
		2440C144264297A400F2E81D /* Swifter */ = {
			isa = XCSwiftPackageProductDependency;
			package = 2440C143264297A400F2E81D /* XCRemoteSwiftPackageReference "swifter" */;
			productName = Swifter;
		};
/* End XCSwiftPackageProductDependency section */
	};
	rootObject = 2440C128264296AC00F2E81D /* Project object */;
}
