{
  "name": "aes70-explorer-electron",
  "version": "1.0.0-alpha.2",
  "lockfileVersion": 1,
  "requires": true,
  "dependencies": {
    "dnssd": {
      "version": "0.4.1",
      "resolved": "https://registry.npmjs.org/dnssd/-/dnssd-0.4.1.tgz",
      "integrity": "sha512-mEz5Ii+o+k3kYHTXY6fTLOjCwraX8TQowIgUySAbEYuGqtSMbfBc/tvDZ8wGPywnmlLE6/XeXi6qPcAKVTvPUQ=="
    },
    "mime-db": {
      "version": "1.48.0",
      "resolved": "https://registry.npmjs.org/mime-db/-/mime-db-1.48.0.tgz",
      "integrity": "sha512-FM3QwxV+TnZYQ2aRqhlKBMHxk10lTbMt3bBkMAp54ddrNeVSfcQYOOKuGuy3Ddrm38I04If834fOUSq1yzslJQ=="
    },
    "mime-types": {
      "version": "2.1.31",
      "resolved": "https://registry.npmjs.org/mime-types/-/mime-types-2.1.31.tgz",
      "integrity": "sha512-XGZnNzm3QvgKxa8dpzyhFTHmpP3l5YNusmne07VUOXxou9CqUqYa/HBy124RqtVh/O2pECas/MOcsDgpilPOPg==",
      "requires": {
        "mime-db": "1.48.0"
      }
    },
    "ws": {
      "version": "7.5.1",
      "resolved": "https://registry.npmjs.org/ws/-/ws-7.5.1.tgz",
      "integrity": "sha512-2c6faOUH/nhoQN6abwMloF7Iyl0ZS2E9HGtsiLrWn0zOOMWlhtDmdf/uihDt6jnuCxgtwGBNy6Onsoy2s2O2Ow=="
    }
  }
}
